
Microsoft Visual Studio Solution File, Format Version 12.00
# Visual Studio 15
VisualStudioVersion = 15.0.26730.3
MinimumVisualStudioVersion = 10.0.40219.1
Project("{FAE04EC0-301F-11D3-BF4B-00C04F79EFBC}") = "CourseWorkMVVM", "CourseWorkMVVM\CourseWorkMVVM.csproj", "{49876F6E-421D-46B0-84FB-F7F6165E1072}"
EndProject
Global
	GlobalSection(SolutionConfigurationPlatforms) = preSolution
		Debug|Any CPU = Debug|Any CPU
		Release|Any CPU = Release|Any CPU
	EndGlobalSection
	GlobalSection(ProjectConfigurationPlatforms) = postSolution
		{49876F6E-421D-46B0-84FB-F7F6165E1072}.Debug|Any CPU.ActiveCfg = Debug|Any CPU
		{49876F6E-421D-46B0-84FB-F7F6165E1072}.Debug|Any CPU.Build.0 = Debug|Any CPU
		{49876F6E-421D-46B0-84FB-F7F6165E1072}.Release|Any CPU.ActiveCfg = Release|Any CPU
		{49876F6E-421D-46B0-84FB-F7F6165E1072}.Release|Any CPU.Build.0 = Release|Any CPU
	EndGlobalSection
	GlobalSection(SolutionProperties) = preSolution
		HideSolutionNode = FALSE
	EndGlobalSection
	GlobalSection(ExtensibilityGlobals) = postSolution
		SolutionGuid = {4111F1F2-0461-496F-B7A8-D3C5C5D7BA1C}
	EndGlobalSection
EndGlobal
